
Microsoft Visual Studio Solution File, Format Version 12.00
# Visual Studio 2012
Project("{4925A630-B079-445d-BCD4-3A9C94FE9307}") = "App", "App\App.fsproj", "{090B9067-7791-4AB6-A584-F4270A9A4A44}"
EndProject
Project("{4925A630-B079-445d-BCD4-3A9C94FE9307}") = "ODonnellParser", "ODonnellParser\ODonnellParser.fsproj", "{59D4D8A6-CCF5-449E-A5FC-00078D897A3A}"
EndProject
Project("{4925A630-B079-445d-BCD4-3A9C94FE9307}") = "ParserTypes", "ParserTypes\ParserTypes.fsproj", "{D7E39B94-578A-43D2-9FCE-37D8898B6614}"
EndProject
Project("{4925A630-B079-445d-BCD4-3A9C94FE9307}") = "Persistence", "Persistence\Persistence.fsproj", "{166E52EB-4E26-4074-A695-63D071AC135F}"
EndProject
Project("{4925A630-B079-445d-BCD4-3A9C94FE9307}") = "EventsListing", "EventsListing\EventsListing.fsproj", "{427B4B20-D0A6-4AA9-933A-F7D23F76DF4E}"
EndProject
Project("{4925A630-B079-445d-BCD4-3A9C94FE9307}") = "Utils", "Utils\Utils.fsproj", "EFAA7888-F46F-4E5B-9020-B03B90422E6F"
EndProject
Global
	GlobalSection(SolutionConfigurationPlatforms) = preSolution
		Debug|Any CPU = Debug|Any CPU
		Release|Any CPU = Release|Any CPU
	EndGlobalSection
	GlobalSection(ProjectConfigurationPlatforms) = postSolution
		{090B9067-7791-4AB6-A584-F4270A9A4A44}.Debug|Any CPU.ActiveCfg = Debug|Any CPU
		{090B9067-7791-4AB6-A584-F4270A9A4A44}.Debug|Any CPU.Build.0 = Debug|Any CPU
		{090B9067-7791-4AB6-A584-F4270A9A4A44}.Release|Any CPU.ActiveCfg = Release|Any CPU
		{090B9067-7791-4AB6-A584-F4270A9A4A44}.Release|Any CPU.Build.0 = Release|Any CPU
		{166E52EB-4E26-4074-A695-63D071AC135F}.Debug|Any CPU.ActiveCfg = Debug|Any CPU
		{166E52EB-4E26-4074-A695-63D071AC135F}.Debug|Any CPU.Build.0 = Debug|Any CPU
		{166E52EB-4E26-4074-A695-63D071AC135F}.Release|Any CPU.ActiveCfg = Release|Any CPU
		{166E52EB-4E26-4074-A695-63D071AC135F}.Release|Any CPU.Build.0 = Release|Any CPU
		{427B4B20-D0A6-4AA9-933A-F7D23F76DF4E}.Debug|Any CPU.ActiveCfg = Debug|Any CPU
		{427B4B20-D0A6-4AA9-933A-F7D23F76DF4E}.Debug|Any CPU.Build.0 = Debug|Any CPU
		{427B4B20-D0A6-4AA9-933A-F7D23F76DF4E}.Release|Any CPU.ActiveCfg = Release|Any CPU
		{427B4B20-D0A6-4AA9-933A-F7D23F76DF4E}.Release|Any CPU.Build.0 = Release|Any CPU
		{59D4D8A6-CCF5-449E-A5FC-00078D897A3A}.Debug|Any CPU.ActiveCfg = Debug|Any CPU
		{59D4D8A6-CCF5-449E-A5FC-00078D897A3A}.Debug|Any CPU.Build.0 = Debug|Any CPU
		{59D4D8A6-CCF5-449E-A5FC-00078D897A3A}.Release|Any CPU.ActiveCfg = Release|Any CPU
		{59D4D8A6-CCF5-449E-A5FC-00078D897A3A}.Release|Any CPU.Build.0 = Release|Any CPU
		{D7E39B94-578A-43D2-9FCE-37D8898B6614}.Debug|Any CPU.ActiveCfg = Debug|Any CPU
		{D7E39B94-578A-43D2-9FCE-37D8898B6614}.Debug|Any CPU.Build.0 = Debug|Any CPU
		{D7E39B94-578A-43D2-9FCE-37D8898B6614}.Release|Any CPU.ActiveCfg = Release|Any CPU
		{D7E39B94-578A-43D2-9FCE-37D8898B6614}.Release|Any CPU.Build.0 = Release|Any CPU
		{EFAA7888-F46F-4E5B-9020-B03B90422E6F}.Debug|Any CPU.ActiveCfg = Debug|Any CPU
		{EFAA7888-F46F-4E5B-9020-B03B90422E6F}.Debug|Any CPU.Build.0 = Debug|Any CPU
		{EFAA7888-F46F-4E5B-9020-B03B90422E6F}.Release|Any CPU.ActiveCfg = Release|Any CPU
		{EFAA7888-F46F-4E5B-9020-B03B90422E6F}.Release|Any CPU.Build.0 = Release|Any CPU
		{EFAA7888-F46F-4E5B-9020-B03B90422E6F}.Debug|Any CPU.ActiveCfg = Debug|Any CPU
		{EFAA7888-F46F-4E5B-9020-B03B90422E6F}.Debug|Any CPU.Build.0 = Debug|Any CPU
		{EFAA7888-F46F-4E5B-9020-B03B90422E6F}.Release|Any CPU.ActiveCfg = Release|Any CPU
		{EFAA7888-F46F-4E5B-9020-B03B90422E6F}.Release|Any CPU.Build.0 = Release|Any CPU
		{EFAA7888-F46F-4E5B-9020-B03B90422E6F}.Debug|Any CPU.ActiveCfg = Debug|Any CPU
		{EFAA7888-F46F-4E5B-9020-B03B90422E6F}.Debug|Any CPU.Build.0 = Debug|Any CPU
		{EFAA7888-F46F-4E5B-9020-B03B90422E6F}.Release|Any CPU.ActiveCfg = Release|Any CPU
		{EFAA7888-F46F-4E5B-9020-B03B90422E6F}.Release|Any CPU.Build.0 = Release|Any CPU
		{EFAA7888-F46F-4E5B-9020-B03B90422E6F}.Debug|Any CPU.ActiveCfg = Debug|Any CPU
		{EFAA7888-F46F-4E5B-9020-B03B90422E6F}.Debug|Any CPU.Build.0 = Debug|Any CPU
		{EFAA7888-F46F-4E5B-9020-B03B90422E6F}.Release|Any CPU.ActiveCfg = Release|Any CPU
		{EFAA7888-F46F-4E5B-9020-B03B90422E6F}.Release|Any CPU.Build.0 = Release|Any CPU
		{EFAA7888-F46F-4E5B-9020-B03B90422E6F}.Debug|Any CPU.ActiveCfg = Debug|Any CPU
		{EFAA7888-F46F-4E5B-9020-B03B90422E6F}.Debug|Any CPU.Build.0 = Debug|Any CPU
		{EFAA7888-F46F-4E5B-9020-B03B90422E6F}.Release|Any CPU.ActiveCfg = Release|Any CPU
		{EFAA7888-F46F-4E5B-9020-B03B90422E6F}.Release|Any CPU.Build.0 = Release|Any CPU
		{EFAA7888-F46F-4E5B-9020-B03B90422E6F}.Debug|Any CPU.ActiveCfg = Debug|Any CPU
		{EFAA7888-F46F-4E5B-9020-B03B90422E6F}.Debug|Any CPU.Build.0 = Debug|Any CPU
		{EFAA7888-F46F-4E5B-9020-B03B90422E6F}.Release|Any CPU.ActiveCfg = Release|Any CPU
		{EFAA7888-F46F-4E5B-9020-B03B90422E6F}.Release|Any CPU.Build.0 = Release|Any CPU
		{EFAA7888-F46F-4E5B-9020-B03B90422E6F}.Debug|Any CPU.ActiveCfg = Debug|Any CPU
		{EFAA7888-F46F-4E5B-9020-B03B90422E6F}.Debug|Any CPU.Build.0 = Debug|Any CPU
		{EFAA7888-F46F-4E5B-9020-B03B90422E6F}.Release|Any CPU.ActiveCfg = Release|Any CPU
		{EFAA7888-F46F-4E5B-9020-B03B90422E6F}.Release|Any CPU.Build.0 = Release|Any CPU
		{EFAA7888-F46F-4E5B-9020-B03B90422E6F}.Debug|Any CPU.ActiveCfg = Debug|Any CPU
		{EFAA7888-F46F-4E5B-9020-B03B90422E6F}.Debug|Any CPU.Build.0 = Debug|Any CPU
		{EFAA7888-F46F-4E5B-9020-B03B90422E6F}.Release|Any CPU.ActiveCfg = Release|Any CPU
		{EFAA7888-F46F-4E5B-9020-B03B90422E6F}.Release|Any CPU.Build.0 = Release|Any CPU
		{EFAA7888-F46F-4E5B-9020-B03B90422E6F}.Debug|Any CPU.ActiveCfg = Debug|Any CPU
		{EFAA7888-F46F-4E5B-9020-B03B90422E6F}.Debug|Any CPU.ActiveCfg = Debug|Any CPU
		{EFAA7888-F46F-4E5B-9020-B03B90422E6F}.Debug|Any CPU.Build.0 = Debug|Any CPU
		{EFAA7888-F46F-4E5B-9020-B03B90422E6F}.Debug|Any CPU.Build.0 = Debug|Any CPU
		{EFAA7888-F46F-4E5B-9020-B03B90422E6F}.Release|Any CPU.ActiveCfg = Release|Any CPU
		{EFAA7888-F46F-4E5B-9020-B03B90422E6F}.Release|Any CPU.ActiveCfg = Release|Any CPU
		{EFAA7888-F46F-4E5B-9020-B03B90422E6F}.Release|Any CPU.Build.0 = Release|Any CPU
		{EFAA7888-F46F-4E5B-9020-B03B90422E6F}.Release|Any CPU.Build.0 = Release|Any CPU
		{EFAA7888-F46F-4E5B-9020-B03B90422E6F}.Debug|Any CPU.ActiveCfg = Debug|Any CPU
		{EFAA7888-F46F-4E5B-9020-B03B90422E6F}.Debug|Any CPU.Build.0 = Debug|Any CPU
		{EFAA7888-F46F-4E5B-9020-B03B90422E6F}.Release|Any CPU.ActiveCfg = Release|Any CPU
		{EFAA7888-F46F-4E5B-9020-B03B90422E6F}.Release|Any CPU.Build.0 = Release|Any CPU
	EndGlobalSection
	GlobalSection(MonoDevelopProperties) = preSolution
		StartupItem = App\App.fsproj
	EndGlobalSection
	GlobalSection(SolutionProperties) = preSolution
		HideSolutionNode = FALSE
	EndGlobalSection
EndGlobal
